
Microsoft Visual Studio Solution File, Format Version 12.00
# Visual Studio Version 16
VisualStudioVersion = 16.0.30717.126
MinimumVisualStudioVersion = 10.0.40219.1
Project("{9A19103F-16F7-4668-BE54-9A1E7A4F7556}") = "MovieApp.Web", "MovieApp.Web\MovieApp.Web.csproj", "{2427B9FE-9319-4584-8670-F237846FAF4F}"
EndProject
Global
	GlobalSection(SolutionConfigurationPlatforms) = preSolution
		Debug|Any CPU = Debug|Any CPU
		Release|Any CPU = Release|Any CPU
	EndGlobalSection
	GlobalSection(ProjectConfigurationPlatforms) = postSolution
		{2427B9FE-9319-4584-8670-F237846FAF4F}.Debug|Any CPU.ActiveCfg = Debug|Any CPU
		{2427B9FE-9319-4584-8670-F237846FAF4F}.Debug|Any CPU.Build.0 = Debug|Any CPU
		{2427B9FE-9319-4584-8670-F237846FAF4F}.Release|Any CPU.ActiveCfg = Release|Any CPU
		{2427B9FE-9319-4584-8670-F237846FAF4F}.Release|Any CPU.Build.0 = Release|Any CPU
	EndGlobalSection
	GlobalSection(SolutionProperties) = preSolution
		HideSolutionNode = FALSE
	EndGlobalSection
	GlobalSection(ExtensibilityGlobals) = postSolution
		SolutionGuid = {512EDF9A-BAF7-417E-A9B5-C6C856C1538B}
	EndGlobalSection
EndGlobal
